# This file is generated by running "yarn install" inside your project.
# Manual changes might be lost - proceed with caution!

__metadata:
  version: 4
  cacheKey: 7

"rome@npm:10.0.7-nightly.2021.2.10":
  version: 10.0.7-nightly.2021.2.10
  resolution: "rome@npm:10.0.7-nightly.2021.2.10"
  bin:
    rome: bin/rome/index.js
  checksum: a66ffbc22399a2053908fc960da89f5f2f98da61866618ebc448a97a1640b880059e1f01849ff156e97a346d5bfce5c5beccd039f7a256b61b4f84149c21b399
  languageName: node
  linkType: hard

"root-workspace-0b6124@workspace:.":
  version: 0.0.0-use.local
  resolution: "root-workspace-0b6124@workspace:."
  dependencies:
    rome: 10.0.7-nightly.2021.2.10
  languageName: unknown
  linkType: soft
